{
  "version": "4",
  "specifiers": {
    "jsr:@leawind/delegate@0.4": "0.4.1",
    "jsr:@leawind/inventory@0.9": "0.9.0",
    "jsr:@std/assert@^1.0.13": "1.0.13",
    "jsr:@std/internal@^1.0.6": "1.0.6",
    "jsr:@std/path@1": "1.0.8"
  },
  "jsr": {
    "@leawind/delegate@0.4.1": {
      "integrity": "882bd86d38af9864d6e060a548b2e7b3fd021882d2a1f3b6980780a250cf2fe8"
    },
    "@leawind/inventory@0.9.0": {
      "integrity": "8dc595860b098e19fc847c1ee65921f1dc497425a7496a4170a9622be8d6fc0f",
      "dependencies": [
        "jsr:@leawind/delegate",
        "jsr:@std/path"
      ]
    },
    "@std/assert@1.0.13": {
      "integrity": "ae0d31e41919b12c656c742b22522c32fb26ed0cba32975cb0de2a273cb68b29",
      "dependencies": [
        "jsr:@std/internal"
      ]
    },
    "@std/internal@1.0.6": {
      "integrity": "9533b128f230f73bd209408bb07a4b12f8d4255ab2a4d22a1fd6d87304aca9a4"
    },
    "@std/path@1.0.8": {
      "integrity": "548fa456bb6a04d3c1a1e7477986b6cffbce95102d0bb447c67c4ee70e0364be"
    }
  },
  "workspace": {
    "dependencies": [
      "jsr:@leawind/inventory@0.9",
      "jsr:@std/assert@^1.0.13"
    ]
  }
}
