{
	"name": "npm-commonjs",
	"version": "1.0.0",
	"lockfileVersion": 3,
	"requires": true,
	"packages": {
		"": {
			"name": "npm-commonjs",
			"version": "1.0.0",
			"license": "ISC",
			"dependencies": {
				"@leawind/inventory": "^0.8.0"
			}
		},
		"node_modules/@deno/shim-timers": {
			"version": "0.1.0",
			"resolved": "https://registry.npmjs.org/@deno/shim-timers/-/shim-timers-0.1.0.tgz",
			"integrity": "sha512-XFRnB5Rtbkd5RiYHwhugNK9gvDgYXmFTUOT5dmhWCKG7WnOWZggbJMnH1NcyYS3QgHvmaTOaHCyNFNSv57j3Dg==",
			"license": "MIT"
		},
		"node_modules/@leawind/inventory": {
			"version": "0.8.0",
			"resolved": "https://registry.npmjs.org/@leawind/inventory/-/inventory-0.8.0.tgz",
			"integrity": "sha512-/y8DpzYsSkc3Y3G+9iJZOmHTuhNxNxpg7PmrPyuqU4yTpvnME/dB5aFKlqEmL3K2nPiONwJ0LSUJUp7172cdoQ==",
			"license": "MIT",
			"dependencies": {
				"@deno/shim-timers": "~0.1.0"
			}
		}
	}
}
