{
	"name": "npm-commonjs",
	"version": "1.0.0",
	"lockfileVersion": 3,
	"requires": true,
	"packages": {
		"": {
			"name": "npm-commonjs",
			"version": "1.0.0",
			"dependencies": {
				"@leawind/inventory": "npm:@jsr/leawind__inventory@^0.9.0"
			}
		},
		"node_modules/@jsr/leawind__delegate": {
			"version": "0.4.1",
			"resolved": "https://npm.jsr.io/~/11/@jsr/leawind__delegate/0.4.1.tgz",
			"integrity": "sha512-CgmIRxvMD6yu4Ms6Un9XZl/1IReOiMGPkXXg/2S730WFKLFu7gnLqIFCnTwnT3dL4N0CUkEurM9YivT/WU0+Vw=="
		},
		"node_modules/@jsr/std__path": {
			"version": "1.0.9",
			"resolved": "https://npm.jsr.io/~/11/@jsr/std__path/1.0.9.tgz",
			"integrity": "sha512-RgmPBRH22dP5D3ojPqsqH8eXHvOv9uOOycmnIzTeP0ufkw/B0Qgjbmn6JgFsJS1VD6iqhfYDXmlqf/jSARz/Gg=="
		},
		"node_modules/@leawind/inventory": {
			"name": "@jsr/leawind__inventory",
			"version": "0.9.0",
			"resolved": "https://npm.jsr.io/~/11/@jsr/leawind__inventory/0.9.0.tgz",
			"integrity": "sha512-plI4nTMmPkF0dEqJ1tkC9w2i3RRZk/gh9a9X42euzsLXcDZseaLkPC11eJIsmDgYvhrsuer5pS/ppcvfsP1MIA==",
			"dependencies": {
				"@jsr/leawind__delegate": "0.4",
				"@jsr/std__path": "1"
			}
		}
	}
}
